
Microsoft Visual Studio Solution File, Format Version 12.00
# Visual Studio Version 16
VisualStudioVersion = 16.0.32630.194
MinimumVisualStudioVersion = 10.0.40219.1
Project("{FAE04EC0-301F-11D3-BF4B-00C04F79EFBC}") = "TestFolder.Android", "TestFolder\TestFolder.Android\TestFolder.Android.csproj", "{33B87307-7F0D-443D-81B6-FDC13ED7921E}"
EndProject
Project("{FAE04EC0-301F-11D3-BF4B-00C04F79EFBC}") = "TestFolder", "TestFolder\TestFolder\TestFolder.csproj", "{D8EEDD24-2BC7-4F0D-A6AE-8769FD1ECBC2}"
EndProject
Global
	GlobalSection(SolutionConfigurationPlatforms) = preSolution
		Debug|Any CPU = Debug|Any CPU
		Release|Any CPU = Release|Any CPU
	EndGlobalSection
	GlobalSection(ProjectConfigurationPlatforms) = postSolution
		{33B87307-7F0D-443D-81B6-FDC13ED7921E}.Debug|Any CPU.ActiveCfg = Debug|Any CPU
		{33B87307-7F0D-443D-81B6-FDC13ED7921E}.Debug|Any CPU.Build.0 = Debug|Any CPU
		{33B87307-7F0D-443D-81B6-FDC13ED7921E}.Debug|Any CPU.Deploy.0 = Debug|Any CPU
		{33B87307-7F0D-443D-81B6-FDC13ED7921E}.Release|Any CPU.ActiveCfg = Release|Any CPU
		{33B87307-7F0D-443D-81B6-FDC13ED7921E}.Release|Any CPU.Build.0 = Release|Any CPU
		{33B87307-7F0D-443D-81B6-FDC13ED7921E}.Release|Any CPU.Deploy.0 = Release|Any CPU
		{D8EEDD24-2BC7-4F0D-A6AE-8769FD1ECBC2}.Debug|Any CPU.ActiveCfg = Debug|Any CPU
		{D8EEDD24-2BC7-4F0D-A6AE-8769FD1ECBC2}.Debug|Any CPU.Build.0 = Debug|Any CPU
		{D8EEDD24-2BC7-4F0D-A6AE-8769FD1ECBC2}.Debug|Any CPU.Deploy.0 = Debug|Any CPU
		{D8EEDD24-2BC7-4F0D-A6AE-8769FD1ECBC2}.Release|Any CPU.ActiveCfg = Release|Any CPU
		{D8EEDD24-2BC7-4F0D-A6AE-8769FD1ECBC2}.Release|Any CPU.Build.0 = Release|Any CPU
		{D8EEDD24-2BC7-4F0D-A6AE-8769FD1ECBC2}.Release|Any CPU.Deploy.0 = Release|Any CPU
	EndGlobalSection
	GlobalSection(SolutionProperties) = preSolution
		HideSolutionNode = FALSE
	EndGlobalSection
	GlobalSection(ExtensibilityGlobals) = postSolution
		SolutionGuid = {A32B7270-CE62-417B-A658-1EFA5921045A}
	EndGlobalSection
EndGlobal
